<?xml version="1.0" encoding="utf-8"?>
<Project ToolsVersion="4.0" xmlns="http://schemas.microsoft.com/developer/msbuild/2003">
  <ItemGroup>
    <Filter Include="win32">
      <UniqueIdentifier>{84a8ebd7-7cf0-47f6-b75e-d441df67da40}</UniqueIdentifier>
    </Filter>
    <Filter Include="resource">
      <UniqueIdentifier>{715254bc-d70b-4ec5-bf29-467dd3ace079}</UniqueIdentifier>
    </Filter>
    <Filter Include="src">
      <UniqueIdentifier>{bb6c862e-70e9-49d9-81b7-3829a6f50471}</UniqueIdentifier>
    </Filter>
    <Filter Include="src\Scene">
      <UniqueIdentifier>{c466f941-f636-4c3c-b0a3-1366be9e4d21}</UniqueIdentifier>
    </Filter>
    <Filter Include="src\Unit">
      <UniqueIdentifier>{8b0d5f3e-e51b-4f2e-98cc-bc62a5a197ac}</UniqueIdentifier>
    </Filter>
    <Filter Include="src\Unit\Bullet">
      <UniqueIdentifier>{96979045-aa6b-429e-8f93-6d08a8b11580}</UniqueIdentifier>
    </Filter>
    <Filter Include="src\Unit\Enemy">
      <UniqueIdentifier>{b4c60846-f9f1-46eb-8025-3446adec2e80}</UniqueIdentifier>
    </Filter>
  </ItemGroup>
  <ItemGroup>
    <ClCompile Include="main.cpp">
      <Filter>win32</Filter>
    </ClCompile>
    <ClCompile Include="..\Classes\AppDelegate.cpp">
      <Filter>src</Filter>
    </ClCompile>
    <ClCompile Include="..\Classes\HelloWorldScene.cpp">
      <Filter>src</Filter>
    </ClCompile>
    <ClCompile Include="..\Classes\ScenePlay.cpp">
      <Filter>src\Scene</Filter>
    </ClCompile>
    <ClCompile Include="..\Classes\SceneTitle.cpp">
      <Filter>src\Scene</Filter>
    </ClCompile>
    <ClCompile Include="..\Classes\CUnit.cpp">
      <Filter>src\Unit</Filter>
    </ClCompile>
    <ClCompile Include="..\Classes\CActor.cpp">
      <Filter>src\Unit</Filter>
    </ClCompile>
    <ClCompile Include="..\Classes\CTime.cpp">
      <Filter>src</Filter>
    </ClCompile>
    <ClCompile Include="..\Classes\CBullet.cpp">
      <Filter>src\Unit\Bullet</Filter>
    </ClCompile>
    <ClCompile Include="..\Classes\CBulletDirection.cpp">
      <Filter>src\Unit\Bullet</Filter>
    </ClCompile>
    <ClCompile Include="..\Classes\CBulletPattern.cpp">
      <Filter>src\Unit\Bullet</Filter>
    </ClCompile>
    <ClCompile Include="..\Classes\SpriteAnimator.cpp">
      <Filter>src</Filter>
    </ClCompile>
    <ClCompile Include="..\Classes\BulletFactory.cpp">
      <Filter>src</Filter>
    </ClCompile>
    <ClCompile Include="..\Classes\CEnemy.cpp">
      <Filter>src\Unit\Enemy</Filter>
    </ClCompile>
    <ClCompile Include="..\Classes\CEnemyParts.cpp">
      <Filter>src\Unit\Enemy</Filter>
    </ClCompile>
    <ClCompile Include="..\Classes\CEnemyFactory.cpp">
      <Filter>src\Unit\Enemy</Filter>
    </ClCompile>
  </ItemGroup>
  <ItemGroup>
    <ClInclude Include="main.h">
      <Filter>win32</Filter>
    </ClInclude>
    <ClInclude Include="..\Classes\AppDelegate.h">
      <Filter>src</Filter>
    </ClInclude>
    <ClInclude Include="..\Classes\HelloWorldScene.h">
      <Filter>src</Filter>
    </ClInclude>
    <ClInclude Include="..\Classes\ScenePlay.h">
      <Filter>src\Scene</Filter>
    </ClInclude>
    <ClInclude Include="..\Classes\SceneTitle.h">
      <Filter>src\Scene</Filter>
    </ClInclude>
    <ClInclude Include="..\Classes\CUnit.h">
      <Filter>src\Unit</Filter>
    </ClInclude>
    <ClInclude Include="..\Classes\CActor.h">
      <Filter>src\Unit</Filter>
    </ClInclude>
    <ClInclude Include="..\Classes\CTime.h">
      <Filter>src</Filter>
    </ClInclude>
    <ClInclude Include="..\Classes\CBullet.h">
      <Filter>src\Unit\Bullet</Filter>
    </ClInclude>
    <ClInclude Include="..\Classes\CBulletPattern.h">
      <Filter>src\Unit\Bullet</Filter>
    </ClInclude>
    <ClInclude Include="..\Classes\CBulletDirection.h">
      <Filter>src\Unit\Bullet</Filter>
    </ClInclude>
    <ClInclude Include="..\Classes\SpriteAnimator.h">
      <Filter>src</Filter>
    </ClInclude>
    <ClInclude Include="..\Classes\BulletFactory.h">
      <Filter>src</Filter>
    </ClInclude>
    <ClInclude Include="..\Classes\CEnemy.h">
      <Filter>src\Unit\Enemy</Filter>
    </ClInclude>
    <ClInclude Include="..\Classes\CEnemyParts.h">
      <Filter>src\Unit\Enemy</Filter>
    </ClInclude>
    <ClInclude Include="..\Classes\CEnemyFactory.h">
      <Filter>src\Unit\Enemy</Filter>
    </ClInclude>
  </ItemGroup>
  <ItemGroup>
    <ResourceCompile Include="game.rc">
      <Filter>resource</Filter>
    </ResourceCompile>
  </ItemGroup>
</Project>