<?xml version="1.0" encoding="utf-8"?>
<Project ToolsVersion="4.0" xmlns="http://schemas.microsoft.com/developer/msbuild/2003">
  <ItemGroup>
    <Filter Include="win32">
      <UniqueIdentifier>{84a8ebd7-7cf0-47f6-b75e-d441df67da40}</UniqueIdentifier>
    </Filter>
    <Filter Include="resource">
      <UniqueIdentifier>{715254bc-d70b-4ec5-bf29-467dd3ace079}</UniqueIdentifier>
    </Filter>
    <Filter Include="src">
      <UniqueIdentifier>{bb6c862e-70e9-49d9-81b7-3829a6f50471}</UniqueIdentifier>
    </Filter>
    <Filter Include="src\b2Custom">
      <UniqueIdentifier>{7ca1711e-7c81-4cc0-960b-1ef6acbc4b88}</UniqueIdentifier>
    </Filter>
    <Filter Include="src\b2Custom\exam">
      <UniqueIdentifier>{87f37d62-2eb2-4351-a99f-fef8adce6185}</UniqueIdentifier>
    </Filter>
    <Filter Include="src\pugixml">
      <UniqueIdentifier>{fe9ccc77-462a-42f3-b5a3-34c970925552}</UniqueIdentifier>
    </Filter>
  </ItemGroup>
  <ItemGroup>
    <ClCompile Include="main.cpp">
      <Filter>win32</Filter>
    </ClCompile>
    <ClCompile Include="..\Classes\AppDelegate.cpp">
      <Filter>src</Filter>
    </ClCompile>
    <ClCompile Include="..\Classes\HelloWorldScene.cpp">
      <Filter>src</Filter>
    </ClCompile>
    <ClCompile Include="..\Classes\SceneBox2D.cpp">
      <Filter>src</Filter>
    </ClCompile>
    <ClCompile Include="..\Classes\ContectListener.cpp">
      <Filter>src</Filter>
    </ClCompile>
    <ClCompile Include="..\Classes\SceneBox2dCollision.cpp">
      <Filter>src</Filter>
    </ClCompile>
    <ClCompile Include="..\Classes\SceneBox2dJoint.cpp">
      <Filter>src</Filter>
    </ClCompile>
    <ClCompile Include="..\Classes\b2Custom\b2Layer.cpp">
      <Filter>src\b2Custom</Filter>
    </ClCompile>
    <ClCompile Include="..\Classes\b2Custom\b2LayerContactListener.cpp">
      <Filter>src\b2Custom</Filter>
    </ClCompile>
    <ClCompile Include="..\Classes\b2Custom\b2Node.cpp">
      <Filter>src\b2Custom</Filter>
    </ClCompile>
    <ClCompile Include="..\Classes\b2Custom\b2Util.cpp">
      <Filter>src\b2Custom</Filter>
    </ClCompile>
    <ClCompile Include="..\Classes\b2Custom\GLES-Render.cpp">
      <Filter>src\b2Custom</Filter>
    </ClCompile>
    <ClCompile Include="..\Classes\b2Custom\exam\SceneShooter.cpp">
      <Filter>src\b2Custom\exam</Filter>
    </ClCompile>
    <ClCompile Include="..\Classes\b2Custom\exam\b2Bullet.cpp">
      <Filter>src\b2Custom\exam</Filter>
    </ClCompile>
    <ClCompile Include="..\Classes\b2Custom\exam\b2Tag.cpp">
      <Filter>src\b2Custom\exam</Filter>
    </ClCompile>
    <ClCompile Include="..\Classes\b2Custom\exam\b2Block.cpp">
      <Filter>src\b2Custom\exam</Filter>
    </ClCompile>
    <ClCompile Include="..\Classes\b2Custom\b2WorldBoxData.cpp">
      <Filter>src\b2Custom</Filter>
    </ClCompile>
    <ClCompile Include="..\Classes\pugixml\pugixml.cpp">
      <Filter>src\pugixml</Filter>
    </ClCompile>
    <ClCompile Include="..\Classes\b2Custom\exam\b2RopeTarget.cpp">
      <Filter>src\b2Custom\exam</Filter>
    </ClCompile>
  </ItemGroup>
  <ItemGroup>
    <ClInclude Include="main.h">
      <Filter>win32</Filter>
    </ClInclude>
    <ClInclude Include="..\Classes\AppDelegate.h">
      <Filter>src</Filter>
    </ClInclude>
    <ClInclude Include="..\Classes\HelloWorldScene.h">
      <Filter>src</Filter>
    </ClInclude>
    <ClInclude Include="..\Classes\SceneBox2D.h">
      <Filter>src</Filter>
    </ClInclude>
    <ClInclude Include="..\Classes\SceneBox2dCollision.h">
      <Filter>src</Filter>
    </ClInclude>
    <ClInclude Include="..\Classes\ContectListener.h">
      <Filter>src</Filter>
    </ClInclude>
    <ClInclude Include="..\Classes\SceneBox2dJoint.h">
      <Filter>src</Filter>
    </ClInclude>
    <ClInclude Include="..\Classes\b2Custom\b2Layer.h">
      <Filter>src\b2Custom</Filter>
    </ClInclude>
    <ClInclude Include="..\Classes\b2Custom\b2LayerContactListener.h">
      <Filter>src\b2Custom</Filter>
    </ClInclude>
    <ClInclude Include="..\Classes\b2Custom\b2Node.h">
      <Filter>src\b2Custom</Filter>
    </ClInclude>
    <ClInclude Include="..\Classes\b2Custom\b2Util.h">
      <Filter>src\b2Custom</Filter>
    </ClInclude>
    <ClInclude Include="..\Classes\b2Custom\GLES-Render.h">
      <Filter>src\b2Custom</Filter>
    </ClInclude>
    <ClInclude Include="..\Classes\b2Custom\exam\SceneShooter.h">
      <Filter>src\b2Custom\exam</Filter>
    </ClInclude>
    <ClInclude Include="..\Classes\b2Custom\exam\b2Bullet.h">
      <Filter>src\b2Custom\exam</Filter>
    </ClInclude>
    <ClInclude Include="..\Classes\b2Custom\exam\b2Tag.h">
      <Filter>src\b2Custom\exam</Filter>
    </ClInclude>
    <ClInclude Include="..\Classes\b2Custom\exam\b2Block.h">
      <Filter>src\b2Custom\exam</Filter>
    </ClInclude>
    <ClInclude Include="..\Classes\b2Custom\b2CollisionData.h">
      <Filter>src\b2Custom</Filter>
    </ClInclude>
    <ClInclude Include="..\Classes\b2Custom\b2WorldBoxData.h">
      <Filter>src\b2Custom</Filter>
    </ClInclude>
    <ClInclude Include="..\Classes\pugixml\pugiconfig.hpp">
      <Filter>src\pugixml</Filter>
    </ClInclude>
    <ClInclude Include="..\Classes\pugixml\pugixml.hpp">
      <Filter>src\pugixml</Filter>
    </ClInclude>
    <ClInclude Include="..\Classes\b2Custom\exam\b2RopeTarget.h">
      <Filter>src\b2Custom\exam</Filter>
    </ClInclude>
  </ItemGroup>
  <ItemGroup>
    <ResourceCompile Include="game.rc">
      <Filter>resource</Filter>
    </ResourceCompile>
  </ItemGroup>
  <ItemGroup>
    <None Include="packages.config" />
  </ItemGroup>
</Project>