<?xml version="1.0" encoding="utf-8"?>
<Project ToolsVersion="4.0" xmlns="http://schemas.microsoft.com/developer/msbuild/2003">
  <ItemGroup>
    <ClCompile Include="main.cpp">
      <Filter>win32</Filter>
    </ClCompile>
    <ClCompile Include="..\Classes\AppDelegate.cpp">
      <Filter>src</Filter>
    </ClCompile>
    <ClCompile Include="..\Classes\HelloWorldScene.cpp">
      <Filter>src</Filter>
    </ClCompile>
    <ClCompile Include="..\Classes\ActorManager.cpp">
      <Filter>src\Actor</Filter>
    </ClCompile>
    <ClCompile Include="..\Classes\CollisionUtils.cpp">
      <Filter>src\Support</Filter>
    </ClCompile>
    <ClCompile Include="..\Classes\Enemy.cpp">
      <Filter>src\Actor\Enemy</Filter>
    </ClCompile>
    <ClCompile Include="..\Classes\EnemyParts.cpp">
      <Filter>src\Actor\Enemy</Filter>
    </ClCompile>
    <ClCompile Include="..\Classes\SpriteAnimator.cpp">
      <Filter>src\Support</Filter>
    </ClCompile>
    <ClCompile Include="..\Classes\StopWatch.cpp">
      <Filter>src\Support</Filter>
    </ClCompile>
    <ClCompile Include="..\Classes\PlayMap.cpp">
      <Filter>src\Map</Filter>
    </ClCompile>
    <ClCompile Include="..\Classes\ScenePlay.cpp">
      <Filter>src\Scene</Filter>
    </ClCompile>
    <ClCompile Include="..\Classes\SceneTitle.cpp">
      <Filter>src\Scene</Filter>
    </ClCompile>
    <ClCompile Include="..\Classes\Player.cpp">
      <Filter>src\Actor\Player</Filter>
    </ClCompile>
    <ClCompile Include="..\Classes\Actor.cpp">
      <Filter>src\Actor</Filter>
    </ClCompile>
    <ClCompile Include="..\Classes\Arrow.cpp">
      <Filter>src\Actor\Arrow</Filter>
    </ClCompile>
    <ClCompile Include="..\Classes\MapTile.cpp">
      <Filter>src\Map</Filter>
    </ClCompile>
    <ClCompile Include="..\Classes\MapTileVector.cpp">
      <Filter>src\Support</Filter>
    </ClCompile>
    <ClCompile Include="..\Classes\Boss.cpp">
      <Filter>src\Actor\Enemy\Boss</Filter>
    </ClCompile>
    <ClCompile Include="..\Classes\BossFiniteState.cpp">
      <Filter>src\Actor\Enemy\Boss</Filter>
    </ClCompile>
    <ClCompile Include="..\Classes\BossParts.cpp">
      <Filter>src\Actor\Enemy\Boss</Filter>
    </ClCompile>
    <ClCompile Include="..\Classes\DataManager.cpp">
      <Filter>src</Filter>
    </ClCompile>
    <ClCompile Include="..\Classes\EasingFunc.cpp">
      <Filter>src\Support</Filter>
    </ClCompile>
    <ClCompile Include="..\Classes\IntUtils.cpp">
      <Filter>src\Support</Filter>
    </ClCompile>
    <ClCompile Include="..\Classes\EnemyFiniteState.cpp">
      <Filter>src\Actor\Enemy</Filter>
    </ClCompile>
    <ClCompile Include="..\Classes\Juggler.cpp">
      <Filter>src\Actor\Enemy\Juggler</Filter>
    </ClCompile>
    <ClCompile Include="..\Classes\JugglerParts.cpp">
      <Filter>src\Actor\Enemy\Juggler</Filter>
    </ClCompile>
    <ClCompile Include="..\Classes\JugglerFiniteState.cpp">
      <Filter>src\Actor\Enemy\Juggler</Filter>
    </ClCompile>
    <ClCompile Include="..\Classes\Faker.cpp">
      <Filter>src\Actor\Enemy\Faker</Filter>
    </ClCompile>
    <ClCompile Include="..\Classes\FakerFiniteState.cpp">
      <Filter>src\Actor\Enemy\Faker</Filter>
    </ClCompile>
    <ClCompile Include="..\Classes\FakerParts.cpp">
      <Filter>src\Actor\Enemy\Faker</Filter>
    </ClCompile>
    <ClCompile Include="..\Classes\SceneShaderTest.cpp">
      <Filter>src\Scene</Filter>
    </ClCompile>
    <ClCompile Include="..\Classes\TileWhiteFloor.cpp">
      <Filter>src\Map\Tiles</Filter>
    </ClCompile>
    <ClCompile Include="..\Classes\TileNormalBlock.cpp">
      <Filter>src\Map\Tiles</Filter>
    </ClCompile>
    <ClCompile Include="..\Classes\TileBlackFloor.cpp">
      <Filter>src\Map\Tiles</Filter>
    </ClCompile>
    <ClCompile Include="..\Classes\TileBlackBlock.cpp">
      <Filter>src\Map\Tiles</Filter>
    </ClCompile>
    <ClCompile Include="..\Classes\ColorUtil.cpp">
      <Filter>src\Support</Filter>
    </ClCompile>
    <ClCompile Include="..\Classes\ShaderWrapper.cpp">
      <Filter>src\Support\ShaderWrapper</Filter>
    </ClCompile>
    <ClCompile Include="..\Classes\SWPointColor.cpp">
      <Filter>src\Support\ShaderWrapper</Filter>
    </ClCompile>
  </ItemGroup>
  <ItemGroup>
    <ClInclude Include="main.h">
      <Filter>win32</Filter>
    </ClInclude>
    <ClInclude Include="..\Classes\AppDelegate.h">
      <Filter>src</Filter>
    </ClInclude>
    <ClInclude Include="..\Classes\HelloWorldScene.h">
      <Filter>src</Filter>
    </ClInclude>
    <ClInclude Include="..\Classes\ActorManager.h">
      <Filter>src\Actor</Filter>
    </ClInclude>
    <ClInclude Include="..\Classes\CollisionUtils.h">
      <Filter>src\Support</Filter>
    </ClInclude>
    <ClInclude Include="..\Classes\Enemy.h">
      <Filter>src\Actor\Enemy</Filter>
    </ClInclude>
    <ClInclude Include="..\Classes\EnemyParts.h">
      <Filter>src\Actor\Enemy</Filter>
    </ClInclude>
    <ClInclude Include="..\Classes\SpriteAnimator.h">
      <Filter>src\Support</Filter>
    </ClInclude>
    <ClInclude Include="..\Classes\StopWatch.h">
      <Filter>src\Support</Filter>
    </ClInclude>
    <ClInclude Include="..\Classes\PlayMap.h">
      <Filter>src\Map</Filter>
    </ClInclude>
    <ClInclude Include="..\Classes\ScenePlay.h">
      <Filter>src\Scene</Filter>
    </ClInclude>
    <ClInclude Include="..\Classes\SceneTitle.h">
      <Filter>src\Scene</Filter>
    </ClInclude>
    <ClInclude Include="..\Classes\Player.h">
      <Filter>src\Actor\Player</Filter>
    </ClInclude>
    <ClInclude Include="..\Classes\Actor.h">
      <Filter>src\Actor</Filter>
    </ClInclude>
    <ClInclude Include="..\Classes\Arrow.h">
      <Filter>src\Actor\Arrow</Filter>
    </ClInclude>
    <ClInclude Include="..\Classes\EasingFunc.h">
      <Filter>src\Support</Filter>
    </ClInclude>
    <ClInclude Include="..\Classes\MapTile.h">
      <Filter>src\Map</Filter>
    </ClInclude>
    <ClInclude Include="..\Classes\MapTileVector.h">
      <Filter>src\Support</Filter>
    </ClInclude>
    <ClInclude Include="..\Classes\IntUtils.h">
      <Filter>src\Support</Filter>
    </ClInclude>
    <ClInclude Include="..\Classes\Boss.h">
      <Filter>src\Actor\Enemy\Boss</Filter>
    </ClInclude>
    <ClInclude Include="..\Classes\BossFiniteState.h">
      <Filter>src\Actor\Enemy\Boss</Filter>
    </ClInclude>
    <ClInclude Include="..\Classes\BossParts.h">
      <Filter>src\Actor\Enemy\Boss</Filter>
    </ClInclude>
    <ClInclude Include="..\Classes\DataManager.h">
      <Filter>src</Filter>
    </ClInclude>
    <ClInclude Include="..\Classes\EnemyFiniteState.h">
      <Filter>src\Actor\Enemy</Filter>
    </ClInclude>
    <ClInclude Include="..\Classes\Juggler.h">
      <Filter>src\Actor\Enemy\Juggler</Filter>
    </ClInclude>
    <ClInclude Include="..\Classes\JugglerParts.h">
      <Filter>src\Actor\Enemy\Juggler</Filter>
    </ClInclude>
    <ClInclude Include="..\Classes\JugglerFiniteState.h">
      <Filter>src\Actor\Enemy\Juggler</Filter>
    </ClInclude>
    <ClInclude Include="..\Classes\Faker.h">
      <Filter>src\Actor\Enemy\Faker</Filter>
    </ClInclude>
    <ClInclude Include="..\Classes\FakerFiniteState.h">
      <Filter>src\Actor\Enemy\Faker</Filter>
    </ClInclude>
    <ClInclude Include="..\Classes\FakerParts.h">
      <Filter>src\Actor\Enemy\Faker</Filter>
    </ClInclude>
    <ClInclude Include="..\Classes\SceneShaderTest.h">
      <Filter>src\Scene</Filter>
    </ClInclude>
    <ClInclude Include="..\Classes\TileWhiteFloor.h">
      <Filter>src\Map\Tiles</Filter>
    </ClInclude>
    <ClInclude Include="..\Classes\TileNormalBlock.h">
      <Filter>src\Map\Tiles</Filter>
    </ClInclude>
    <ClInclude Include="..\Classes\TileBlackFloor.h">
      <Filter>src\Map\Tiles</Filter>
    </ClInclude>
    <ClInclude Include="..\Classes\TileBlackBlock.h">
      <Filter>src\Map\Tiles</Filter>
    </ClInclude>
    <ClInclude Include="..\Classes\ColorUtil.h">
      <Filter>src\Support</Filter>
    </ClInclude>
    <ClInclude Include="..\Classes\ShaderWrapper.h">
      <Filter>src\Support\ShaderWrapper</Filter>
    </ClInclude>
    <ClInclude Include="..\Classes\SWPointColor.h">
      <Filter>src\Support\ShaderWrapper</Filter>
    </ClInclude>
  </ItemGroup>
  <ItemGroup>
    <Filter Include="resouce">
      <UniqueIdentifier>{a4e1ce5c-1d45-45fe-a53b-f00850e290f1}</UniqueIdentifier>
    </Filter>
    <Filter Include="src">
      <UniqueIdentifier>{7c9c7868-8129-4e30-9919-d04837701650}</UniqueIdentifier>
    </Filter>
    <Filter Include="win32">
      <UniqueIdentifier>{00fa930a-277f-44e2-8f56-d2fd3586c485}</UniqueIdentifier>
    </Filter>
    <Filter Include="src\Actor">
      <UniqueIdentifier>{a7e8a345-7862-40f5-b3e8-fffeb556b4c3}</UniqueIdentifier>
    </Filter>
    <Filter Include="src\Support">
      <UniqueIdentifier>{0ff1b3bb-5485-4faf-99e4-75efa4bbbbf6}</UniqueIdentifier>
    </Filter>
    <Filter Include="src\Actor\Enemy">
      <UniqueIdentifier>{2bbd083f-1ee2-4557-be93-318898ee3e8b}</UniqueIdentifier>
    </Filter>
    <Filter Include="src\Actor\Enemy\Boss">
      <UniqueIdentifier>{37a6ace2-a422-46d3-8a5a-a11910f07a6d}</UniqueIdentifier>
    </Filter>
    <Filter Include="src\Map">
      <UniqueIdentifier>{51986e31-e552-4ebc-b1ec-b38869e750aa}</UniqueIdentifier>
    </Filter>
    <Filter Include="src\Scene">
      <UniqueIdentifier>{4b00b9a1-b83e-47f8-9feb-25bd86e85fc8}</UniqueIdentifier>
    </Filter>
    <Filter Include="src\Actor\Player">
      <UniqueIdentifier>{54961745-6cd6-43f6-9df6-b39b21f029c6}</UniqueIdentifier>
    </Filter>
    <Filter Include="src\Actor\Arrow">
      <UniqueIdentifier>{b29a0baa-2c61-40ef-bf3f-8c9dbc03ac46}</UniqueIdentifier>
    </Filter>
    <Filter Include="src\Actor\Objects">
      <UniqueIdentifier>{53b5a68b-4725-47a9-a300-06f0ee9fe563}</UniqueIdentifier>
    </Filter>
    <Filter Include="src\Actor\Enemy\Juggler">
      <UniqueIdentifier>{006667ec-5d59-4dbe-b5b2-e60ef61f1ace}</UniqueIdentifier>
    </Filter>
    <Filter Include="src\Actor\Enemy\Faker">
      <UniqueIdentifier>{046b6388-a845-431e-998b-d50e3bda36d9}</UniqueIdentifier>
    </Filter>
    <Filter Include="src\Map\Tiles">
      <UniqueIdentifier>{ad45260a-be32-4359-abcc-ddf48eb706db}</UniqueIdentifier>
    </Filter>
    <Filter Include="src\Support\ShaderWrapper">
      <UniqueIdentifier>{18588e40-9fbf-43c4-80b7-49b9484f90e8}</UniqueIdentifier>
    </Filter>
  </ItemGroup>
  <ItemGroup>
    <ResourceCompile Include="game.rc">
      <Filter>resouce</Filter>
    </ResourceCompile>
  </ItemGroup>
</Project>